
Microsoft Visual Studio Solution File, Format Version 12.00
# Visual Studio 15
VisualStudioVersion = 15.0.26403.7
MinimumVisualStudioVersion = 10.0.40219.1
Project("{FAE04EC0-301F-11D3-BF4B-00C04F79EFBC}") = "proyecto-pagina", "proyecto-pagina\proyecto-pagina.csproj", "{BBFB7693-0D63-4434-B2DA-FDECBCD16716}"
EndProject
Project("{FAE04EC0-301F-11D3-BF4B-00C04F79EFBC}") = "proyecto-pagina.Tests", "proyecto-pagina.Tests\proyecto-pagina.Tests.csproj", "{55B2BC74-56AA-4AF3-9B3A-13042B73E2AA}"
EndProject
Global
	GlobalSection(SolutionConfigurationPlatforms) = preSolution
		Debug|Any CPU = Debug|Any CPU
		Release|Any CPU = Release|Any CPU
	EndGlobalSection
	GlobalSection(ProjectConfigurationPlatforms) = postSolution
		{BBFB7693-0D63-4434-B2DA-FDECBCD16716}.Debug|Any CPU.ActiveCfg = Debug|Any CPU
		{BBFB7693-0D63-4434-B2DA-FDECBCD16716}.Debug|Any CPU.Build.0 = Debug|Any CPU
		{BBFB7693-0D63-4434-B2DA-FDECBCD16716}.Release|Any CPU.ActiveCfg = Release|Any CPU
		{BBFB7693-0D63-4434-B2DA-FDECBCD16716}.Release|Any CPU.Build.0 = Release|Any CPU
		{55B2BC74-56AA-4AF3-9B3A-13042B73E2AA}.Debug|Any CPU.ActiveCfg = Debug|Any CPU
		{55B2BC74-56AA-4AF3-9B3A-13042B73E2AA}.Debug|Any CPU.Build.0 = Debug|Any CPU
		{55B2BC74-56AA-4AF3-9B3A-13042B73E2AA}.Release|Any CPU.ActiveCfg = Release|Any CPU
		{55B2BC74-56AA-4AF3-9B3A-13042B73E2AA}.Release|Any CPU.Build.0 = Release|Any CPU
	EndGlobalSection
	GlobalSection(SolutionProperties) = preSolution
		HideSolutionNode = FALSE
	EndGlobalSection
EndGlobal
